// !$*UTF8*$!
{
	archiveVersion = 1;
	classes = {
	};
	objectVersion = 77;
	objects = {

/* Begin PBXBuildFile section */
		33DD96B4F486FAEA94E1F9F9 /* BlipUI.xcstrings in Resources */ = {isa = PBXBuildFile; fileRef = 0D78D1E3C8DCAC0CF7558919 /* BlipUI.xcstrings */; };
		364B06883589390BF5141EF0 /* BlipPayment.xcstrings in Resources */ = {isa = PBXBuildFile; fileRef = 5390762BB6A88E0D26F7FE4C /* BlipPayment.xcstrings */; };
		4343E1308DBD79AB01CAD1B6 /* blink_dashboard_key_settings.png in Resources */ = {isa = PBXBuildFile; fileRef = 8BF1858AEA2F1117CB741F14 /* blink_dashboard_key_settings.png */; };
		59E91E194796F1BBA9A081CA /* BlipWalletSettings.xcstrings in Resources */ = {isa = PBXBuildFile; fileRef = AC25F142F2335CECAEAB2D19 /* BlipWalletSettings.xcstrings */; };
		5B1C5B7B3775A165E5BFF883 /* BlipPayment.xcstrings in Resources */ = {isa = PBXBuildFile; fileRef = 5390762BB6A88E0D26F7FE4C /* BlipPayment.xcstrings */; };
		70CFA88E4D65102D39A38552 /* BlipOnboarding.xcstrings in Resources */ = {isa = PBXBuildFile; fileRef = 846C2B8D1C4AD650E9AB648D /* BlipOnboarding.xcstrings */; };
		75688C8DE56E18D33C5CE8D2 /* BlipWalletConnection.xcstrings in Resources */ = {isa = PBXBuildFile; fileRef = 121F94BD3E44023657EF0431 /* BlipWalletConnection.xcstrings */; };
		8227313BC629C54B3BA575B4 /* BlipOnboarding.xcstrings in Resources */ = {isa = PBXBuildFile; fileRef = 846C2B8D1C4AD650E9AB648D /* BlipOnboarding.xcstrings */; };
		8B87575323C51126ACC2CE53 /* blink_dashboard_email.png in Resources */ = {isa = PBXBuildFile; fileRef = BC2886D02E50CCBBE7296BF7 /* blink_dashboard_email.png */; };
		8D5C3B2A3E3846634502C4CA /* blink_dashboard_copy_key.png in Resources */ = {isa = PBXBuildFile; fileRef = 2452E53FCF66E3EE09362089 /* blink_dashboard_copy_key.png */; };
		9319F0D3424F21CA12CFD693 /* blink_dashboard_api_keys.png in Resources */ = {isa = PBXBuildFile; fileRef = E44C5776A776765F3F772AE6 /* blink_dashboard_api_keys.png */; };
		97B715AA94F1C50E03BE6B2F /* blink_dashboard_email.png in Resources */ = {isa = PBXBuildFile; fileRef = BC2886D02E50CCBBE7296BF7 /* blink_dashboard_email.png */; };
		A1C2914A454483192B2DA915 /* BlipWalletConnection.xcstrings in Resources */ = {isa = PBXBuildFile; fileRef = 121F94BD3E44023657EF0431 /* BlipWalletConnection.xcstrings */; };
		BD1CD8020AA75DE8BD806D28 /* blink_dashboard_key_settings.png in Resources */ = {isa = PBXBuildFile; fileRef = 8BF1858AEA2F1117CB741F14 /* blink_dashboard_key_settings.png */; };
		D30000000000000000000001 /* CoreUI.xcstrings in Resources */ = {isa = PBXBuildFile; fileRef = C30000000000000000000001 /* CoreUI.xcstrings */; };
		D30000000000000000000002 /* AppShell.xcstrings in Resources */ = {isa = PBXBuildFile; fileRef = C30000000000000000000002 /* AppShell.xcstrings */; };
		D30000000000000000000003 /* CurrencySettings.xcstrings in Resources */ = {isa = PBXBuildFile; fileRef = C30000000000000000000003 /* CurrencySettings.xcstrings */; };
		D30000000000000000000004 /* LanguageSettings.xcstrings in Resources */ = {isa = PBXBuildFile; fileRef = C30000000000000000000004 /* LanguageSettings.xcstrings */; };
		D30000000000000000000005 /* Onboarding.xcstrings in Resources */ = {isa = PBXBuildFile; fileRef = C30000000000000000000005 /* Onboarding.xcstrings */; };
		D30000000000000000000006 /* PaymentHub.xcstrings in Resources */ = {isa = PBXBuildFile; fileRef = C30000000000000000000006 /* PaymentHub.xcstrings */; };
		D30000000000000000000007 /* PaymentSettings.xcstrings in Resources */ = {isa = PBXBuildFile; fileRef = C30000000000000000000007 /* PaymentSettings.xcstrings */; };
		D30000000000000000000008 /* PaymentUI.xcstrings in Resources */ = {isa = PBXBuildFile; fileRef = C30000000000000000000008 /* PaymentUI.xcstrings */; };
		D30000000000000000000009 /* Settings.xcstrings in Resources */ = {isa = PBXBuildFile; fileRef = C30000000000000000000009 /* Settings.xcstrings */; };
		D3000000000000000000000A /* WalletManagement.xcstrings in Resources */ = {isa = PBXBuildFile; fileRef = C3000000000000000000000A /* WalletManagement.xcstrings */; };
		D3000000000000000000000B /* LasrOnboarding.xcstrings in Resources */ = {isa = PBXBuildFile; fileRef = C3000000000000000000000B /* LasrOnboarding.xcstrings */; };
		D3000000000000000000000C /* LasrPayment.xcstrings in Resources */ = {isa = PBXBuildFile; fileRef = C3000000000000000000000C /* LasrPayment.xcstrings */; };
		D3000000000000000000000D /* LasrWalletConnection.xcstrings in Resources */ = {isa = PBXBuildFile; fileRef = C3000000000000000000000D /* LasrWalletConnection.xcstrings */; };
		D3000000000000000000000E /* LasrWalletDetails.xcstrings in Resources */ = {isa = PBXBuildFile; fileRef = C3000000000000000000000E /* LasrWalletDetails.xcstrings */; };
		D3000000000000000000000F /* RaylApp.xcstrings in Resources */ = {isa = PBXBuildFile; fileRef = C3000000000000000000000F /* RaylApp.xcstrings */; };
		D3CF307EE6BABC7238C09DC0 /* BlipUI.xcstrings in Resources */ = {isa = PBXBuildFile; fileRef = 0D78D1E3C8DCAC0CF7558919 /* BlipUI.xcstrings */; };
		D8D428B72EEF0BAA007EDED8 /* PrivacyInfo.xcprivacy in Resources */ = {isa = PBXBuildFile; fileRef = D8D428B62EEF0BAA007EDED8 /* PrivacyInfo.xcprivacy */; };
		E1DD348ED9D15B051664ABCC /* blink_dashboard_copy_key.png in Resources */ = {isa = PBXBuildFile; fileRef = 2452E53FCF66E3EE09362089 /* blink_dashboard_copy_key.png */; };
		E2E000000000000000000008 /* PrivacyInfo.xcprivacy in Resources */ = {isa = PBXBuildFile; fileRef = D8D428B62EEF0BAA007EDED8 /* PrivacyInfo.xcprivacy */; };
		E30000000000000000000001 /* CoreUI.xcstrings in Resources */ = {isa = PBXBuildFile; fileRef = C30000000000000000000001 /* CoreUI.xcstrings */; };
		E30000000000000000000002 /* AppShell.xcstrings in Resources */ = {isa = PBXBuildFile; fileRef = C30000000000000000000002 /* AppShell.xcstrings */; };
		E30000000000000000000003 /* CurrencySettings.xcstrings in Resources */ = {isa = PBXBuildFile; fileRef = C30000000000000000000003 /* CurrencySettings.xcstrings */; };
		E30000000000000000000004 /* LanguageSettings.xcstrings in Resources */ = {isa = PBXBuildFile; fileRef = C30000000000000000000004 /* LanguageSettings.xcstrings */; };
		E30000000000000000000005 /* Onboarding.xcstrings in Resources */ = {isa = PBXBuildFile; fileRef = C30000000000000000000005 /* Onboarding.xcstrings */; };
		E30000000000000000000006 /* PaymentHub.xcstrings in Resources */ = {isa = PBXBuildFile; fileRef = C30000000000000000000006 /* PaymentHub.xcstrings */; };
		E30000000000000000000007 /* PaymentSettings.xcstrings in Resources */ = {isa = PBXBuildFile; fileRef = C30000000000000000000007 /* PaymentSettings.xcstrings */; };
		E30000000000000000000008 /* PaymentUI.xcstrings in Resources */ = {isa = PBXBuildFile; fileRef = C30000000000000000000008 /* PaymentUI.xcstrings */; };
		E30000000000000000000009 /* Settings.xcstrings in Resources */ = {isa = PBXBuildFile; fileRef = C30000000000000000000009 /* Settings.xcstrings */; };
		E3000000000000000000000A /* WalletManagement.xcstrings in Resources */ = {isa = PBXBuildFile; fileRef = C3000000000000000000000A /* WalletManagement.xcstrings */; };
		E3000000000000000000000B /* LasrOnboarding.xcstrings in Resources */ = {isa = PBXBuildFile; fileRef = C3000000000000000000000B /* LasrOnboarding.xcstrings */; };
		E3000000000000000000000C /* LasrPayment.xcstrings in Resources */ = {isa = PBXBuildFile; fileRef = C3000000000000000000000C /* LasrPayment.xcstrings */; };
		E3000000000000000000000D /* LasrWalletConnection.xcstrings in Resources */ = {isa = PBXBuildFile; fileRef = C3000000000000000000000D /* LasrWalletConnection.xcstrings */; };
		E3000000000000000000000E /* LasrWalletDetails.xcstrings in Resources */ = {isa = PBXBuildFile; fileRef = C3000000000000000000000E /* LasrWalletDetails.xcstrings */; };
		E3000000000000000000000F /* RaylApp.xcstrings in Resources */ = {isa = PBXBuildFile; fileRef = C3000000000000000000000F /* RaylApp.xcstrings */; };
		EE253643352FE7EBDE6C0C65 /* BlipWalletSettings.xcstrings in Resources */ = {isa = PBXBuildFile; fileRef = AC25F142F2335CECAEAB2D19 /* BlipWalletSettings.xcstrings */; };
		F66FC212555C239ADBBF0F03 /* blink_dashboard_api_keys.png in Resources */ = {isa = PBXBuildFile; fileRef = E44C5776A776765F3F772AE6 /* blink_dashboard_api_keys.png */; };
/* End PBXBuildFile section */

/* Begin PBXFileReference section */
		0D78D1E3C8DCAC0CF7558919 /* BlipUI.xcstrings */ = {isa = PBXFileReference; lastKnownFileType = text.json.xcstrings; name = BlipUI.xcstrings; path = ../../../providers/blink/ui/src/iosMain/resources/BlipUI.xcstrings; sourceTree = "<group>"; };
		121F94BD3E44023657EF0431 /* BlipWalletConnection.xcstrings */ = {isa = PBXFileReference; lastKnownFileType = text.json.xcstrings; name = BlipWalletConnection.xcstrings; path = "../../../providers/blink/feature/wallet-connection/src/iosMain/resources/BlipWalletConnection.xcstrings"; sourceTree = "<group>"; };
		2452E53FCF66E3EE09362089 /* blink_dashboard_copy_key.png */ = {isa = PBXFileReference; lastKnownFileType = image.png; name = blink_dashboard_copy_key.png; path = ../../../providers/blink/feature/onboarding/src/iosMain/resources/assets/blink_dashboard_copy_key.png; sourceTree = "<group>"; };
		3E2F28A87C1CC1A08DDA1A6F /* Rayl.app */ = {isa = PBXFileReference; explicitFileType = wrapper.application; includeInIndex = 0; path = Rayl.app; sourceTree = BUILT_PRODUCTS_DIR; };
		5390762BB6A88E0D26F7FE4C /* BlipPayment.xcstrings */ = {isa = PBXFileReference; lastKnownFileType = text.json.xcstrings; name = BlipPayment.xcstrings; path = ../../../providers/blink/feature/payment/src/iosMain/resources/BlipPayment.xcstrings; sourceTree = "<group>"; };
		846C2B8D1C4AD650E9AB648D /* BlipOnboarding.xcstrings */ = {isa = PBXFileReference; lastKnownFileType = text.json.xcstrings; name = BlipOnboarding.xcstrings; path = ../../../providers/blink/feature/onboarding/src/iosMain/resources/BlipOnboarding.xcstrings; sourceTree = "<group>"; };
		8BF1858AEA2F1117CB741F14 /* blink_dashboard_key_settings.png */ = {isa = PBXFileReference; lastKnownFileType = image.png; name = blink_dashboard_key_settings.png; path = ../../../providers/blink/feature/onboarding/src/iosMain/resources/assets/blink_dashboard_key_settings.png; sourceTree = "<group>"; };
		AC25F142F2335CECAEAB2D19 /* BlipWalletSettings.xcstrings */ = {isa = PBXFileReference; lastKnownFileType = text.json.xcstrings; name = BlipWalletSettings.xcstrings; path = "../../../providers/blink/feature/wallet-settings/src/iosMain/resources/BlipWalletSettings.xcstrings"; sourceTree = "<group>"; };
		BC2886D02E50CCBBE7296BF7 /* blink_dashboard_email.png */ = {isa = PBXFileReference; lastKnownFileType = image.png; name = blink_dashboard_email.png; path = ../../../providers/blink/feature/onboarding/src/iosMain/resources/assets/blink_dashboard_email.png; sourceTree = "<group>"; };
		C30000000000000000000001 /* CoreUI.xcstrings */ = {isa = PBXFileReference; lastKnownFileType = text.json.xcstrings; name = CoreUI.xcstrings; path = ../../../core/ui/src/iosMain/resources/CoreUI.xcstrings; sourceTree = "<group>"; };
		C30000000000000000000002 /* AppShell.xcstrings */ = {isa = PBXFileReference; lastKnownFileType = text.json.xcstrings; name = AppShell.xcstrings; path = "../../../feature/app-shell/src/iosMain/resources/AppShell.xcstrings"; sourceTree = "<group>"; };
		C30000000000000000000003 /* CurrencySettings.xcstrings */ = {isa = PBXFileReference; lastKnownFileType = text.json.xcstrings; name = CurrencySettings.xcstrings; path = "../../../feature/currency-settings/src/iosMain/resources/CurrencySettings.xcstrings"; sourceTree = "<group>"; };
		C30000000000000000000004 /* LanguageSettings.xcstrings */ = {isa = PBXFileReference; lastKnownFileType = text.json.xcstrings; name = LanguageSettings.xcstrings; path = "../../../feature/language-settings/src/iosMain/resources/LanguageSettings.xcstrings"; sourceTree = "<group>"; };
		C30000000000000000000005 /* Onboarding.xcstrings */ = {isa = PBXFileReference; lastKnownFileType = text.json.xcstrings; name = Onboarding.xcstrings; path = ../../../feature/onboarding/src/iosMain/resources/Onboarding.xcstrings; sourceTree = "<group>"; };
		C30000000000000000000006 /* PaymentHub.xcstrings */ = {isa = PBXFileReference; lastKnownFileType = text.json.xcstrings; name = PaymentHub.xcstrings; path = "../../../feature/payment-hub/src/iosMain/resources/PaymentHub.xcstrings"; sourceTree = "<group>"; };
		C30000000000000000000007 /* PaymentSettings.xcstrings */ = {isa = PBXFileReference; lastKnownFileType = text.json.xcstrings; name = PaymentSettings.xcstrings; path = "../../../feature/payment-settings/src/iosMain/resources/PaymentSettings.xcstrings"; sourceTree = "<group>"; };
		C30000000000000000000008 /* PaymentUI.xcstrings */ = {isa = PBXFileReference; lastKnownFileType = text.json.xcstrings; name = PaymentUI.xcstrings; path = "../../../feature/payment-ui/src/iosMain/resources/PaymentUI.xcstrings"; sourceTree = "<group>"; };
		C30000000000000000000009 /* Settings.xcstrings */ = {isa = PBXFileReference; lastKnownFileType = text.json.xcstrings; name = Settings.xcstrings; path = ../../../feature/settings/src/iosMain/resources/Settings.xcstrings; sourceTree = "<group>"; };
		C3000000000000000000000A /* WalletManagement.xcstrings */ = {isa = PBXFileReference; lastKnownFileType = text.json.xcstrings; name = WalletManagement.xcstrings; path = "../../../feature/wallet-management/src/iosMain/resources/WalletManagement.xcstrings"; sourceTree = "<group>"; };
		C3000000000000000000000B /* LasrOnboarding.xcstrings */ = {isa = PBXFileReference; lastKnownFileType = text.json.xcstrings; name = LasrOnboarding.xcstrings; path = ../../../providers/nwc/feature/onboarding/src/iosMain/resources/LasrOnboarding.xcstrings; sourceTree = "<group>"; };
		C3000000000000000000000C /* LasrPayment.xcstrings */ = {isa = PBXFileReference; lastKnownFileType = text.json.xcstrings; name = LasrPayment.xcstrings; path = ../../../providers/nwc/feature/payment/src/iosMain/resources/LasrPayment.xcstrings; sourceTree = "<group>"; };
		C3000000000000000000000D /* LasrWalletConnection.xcstrings */ = {isa = PBXFileReference; lastKnownFileType = text.json.xcstrings; name = LasrWalletConnection.xcstrings; path = "../../../providers/nwc/feature/wallet-connection/src/iosMain/resources/LasrWalletConnection.xcstrings"; sourceTree = "<group>"; };
		C3000000000000000000000E /* LasrWalletDetails.xcstrings */ = {isa = PBXFileReference; lastKnownFileType = text.json.xcstrings; name = LasrWalletDetails.xcstrings; path = "../../../providers/nwc/feature/wallet-details/src/iosMain/resources/LasrWalletDetails.xcstrings"; sourceTree = "<group>"; };
		C3000000000000000000000F /* RaylApp.xcstrings */ = {isa = PBXFileReference; lastKnownFileType = text.json.xcstrings; name = RaylApp.xcstrings; path = ../shared/src/iosMain/resources/RaylApp.xcstrings; sourceTree = "<group>"; };
		D8D428B62EEF0BAA007EDED8 /* PrivacyInfo.xcprivacy */ = {isa = PBXFileReference; lastKnownFileType = text.xml; path = PrivacyInfo.xcprivacy; sourceTree = "<group>"; };
		E2E000000000000000000001 /* Rayl E2E.app */ = {isa = PBXFileReference; explicitFileType = wrapper.application; includeInIndex = 0; path = "Rayl E2E.app"; sourceTree = BUILT_PRODUCTS_DIR; };
		E44C5776A776765F3F772AE6 /* blink_dashboard_api_keys.png */ = {isa = PBXFileReference; lastKnownFileType = image.png; name = blink_dashboard_api_keys.png; path = ../../../providers/blink/feature/onboarding/src/iosMain/resources/assets/blink_dashboard_api_keys.png; sourceTree = "<group>"; };
/* End PBXFileReference section */

/* Begin PBXFileSystemSynchronizedBuildFileExceptionSet section */
		B45EC08CC7C8057D05939062 /* Exceptions for "iosApp" folder in "iosApp" target */ = {
			isa = PBXFileSystemSynchronizedBuildFileExceptionSet;
			membershipExceptions = (
				Info.plist,
			);
			target = E1875B14D964B50BA6C5EEC6 /* iosApp */;
		};
		E2E000000000000000000003 /* Exceptions for "iosApp" folder in "iosAppE2E" target */ = {
			isa = PBXFileSystemSynchronizedBuildFileExceptionSet;
			membershipExceptions = (
				Info.plist,
				iOSApp.swift,
			);
			target = E2E000000000000000000009 /* iosAppE2E */;
		};
/* End PBXFileSystemSynchronizedBuildFileExceptionSet section */

/* Begin PBXFileSystemSynchronizedRootGroup section */
		6672ACEE09FDB18D319237F0 /* Configuration */ = {
			isa = PBXFileSystemSynchronizedRootGroup;
			path = Configuration;
			sourceTree = "<group>";
		};
		8AB20B57D09014CBC9805679 /* Blink Experience Swift */ = {
			isa = PBXFileSystemSynchronizedRootGroup;
			name = "Blink Experience Swift";
			path = ../../../providers/blink/experience/src/iosMain/swift;
			sourceTree = "<group>";
		};
		ABC5659E4400D0CC657B53E3 /* Nwc Experience Swift */ = {
			isa = PBXFileSystemSynchronizedRootGroup;
			name = "Nwc Experience Swift";
			path = ../../../providers/nwc/experience/src/iosMain/swift;
			sourceTree = "<group>";
		};
		D90BDCC58B0B3EAC96B0EEB8 /* iosApp */ = {
			isa = PBXFileSystemSynchronizedRootGroup;
			exceptions = (
				B45EC08CC7C8057D05939062 /* Exceptions for "iosApp" folder in "iosApp" target */,
				E2E000000000000000000003 /* Exceptions for "iosApp" folder in "iosAppE2E" target */,
			);
			path = iosApp;
			sourceTree = "<group>";
		};
		E2E000000000000000000002 /* iosAppE2E */ = {
			isa = PBXFileSystemSynchronizedRootGroup;
			path = iosAppE2E;
			sourceTree = "<group>";
		};
		F22E00000000000000000001 /* App Shell Swift */ = {
			isa = PBXFileSystemSynchronizedRootGroup;
			name = "App Shell Swift";
			path = "../../../feature/app-shell/src/iosMain/swift";
			sourceTree = "<group>";
		};
		F22E00000000000000000002 /* Settings Swift */ = {
			isa = PBXFileSystemSynchronizedRootGroup;
			name = "Settings Swift";
			path = ../../../feature/settings/src/iosMain/swift;
			sourceTree = "<group>";
		};
		F22E00000000000000000003 /* Payment UI Swift */ = {
			isa = PBXFileSystemSynchronizedRootGroup;
			name = "Payment UI Swift";
			path = "../../../feature/payment-ui/src/iosMain/swift";
			sourceTree = "<group>";
		};
		F22E00000000000000000004 /* Payment Hub Swift */ = {
			isa = PBXFileSystemSynchronizedRootGroup;
			name = "Payment Hub Swift";
			path = "../../../feature/payment-hub/src/iosMain/swift";
			sourceTree = "<group>";
		};
		F22E00000000000000000005 /* Onboarding Swift */ = {
			isa = PBXFileSystemSynchronizedRootGroup;
			name = "Onboarding Swift";
			path = ../../../feature/onboarding/src/iosMain/swift;
			sourceTree = "<group>";
		};
		F22E00000000000000000006 /* Wallet Management Swift */ = {
			isa = PBXFileSystemSynchronizedRootGroup;
			name = "Wallet Management Swift";
			path = "../../../feature/wallet-management/src/iosMain/swift";
			sourceTree = "<group>";
		};
		F77E00000000000000000001 /* Core UI Swift */ = {
			isa = PBXFileSystemSynchronizedRootGroup;
			name = "Core UI Swift";
			path = ../../../core/ui/src/iosMain/swift;
			sourceTree = "<group>";
		};
/* End PBXFileSystemSynchronizedRootGroup section */

/* Begin PBXFrameworksBuildPhase section */
		C6283A14B200CDFBA78995C0 /* Frameworks */ = {
			isa = PBXFrameworksBuildPhase;
			buildActionMask = 2147483647;
			files = (
			);
			runOnlyForDeploymentPostprocessing = 0;
		};
		E2E000000000000000000005 /* Frameworks */ = {
			isa = PBXFrameworksBuildPhase;
			buildActionMask = 2147483647;
			files = (
			);
			runOnlyForDeploymentPostprocessing = 0;
		};
/* End PBXFrameworksBuildPhase section */

/* Begin PBXGroup section */
		97A229AE63675C10A9DAA454 = {
			isa = PBXGroup;
			children = (
				F77E00000000000000000001 /* Core UI Swift */,
				C30000000000000000000001 /* CoreUI.xcstrings */,
				C30000000000000000000002 /* AppShell.xcstrings */,
				C30000000000000000000003 /* CurrencySettings.xcstrings */,
				C30000000000000000000004 /* LanguageSettings.xcstrings */,
				C30000000000000000000005 /* Onboarding.xcstrings */,
				C30000000000000000000006 /* PaymentHub.xcstrings */,
				C30000000000000000000007 /* PaymentSettings.xcstrings */,
				C30000000000000000000008 /* PaymentUI.xcstrings */,
				C30000000000000000000009 /* Settings.xcstrings */,
				C3000000000000000000000A /* WalletManagement.xcstrings */,
				C3000000000000000000000B /* LasrOnboarding.xcstrings */,
				C3000000000000000000000C /* LasrPayment.xcstrings */,
				C3000000000000000000000D /* LasrWalletConnection.xcstrings */,
				C3000000000000000000000E /* LasrWalletDetails.xcstrings */,
				C3000000000000000000000F /* RaylApp.xcstrings */,
				F22E00000000000000000001 /* App Shell Swift */,
				F22E00000000000000000002 /* Settings Swift */,
				F22E00000000000000000003 /* Payment UI Swift */,
				F22E00000000000000000004 /* Payment Hub Swift */,
				F22E00000000000000000005 /* Onboarding Swift */,
				F22E00000000000000000006 /* Wallet Management Swift */,
				D8D428B62EEF0BAA007EDED8 /* PrivacyInfo.xcprivacy */,
				6672ACEE09FDB18D319237F0 /* Configuration */,
				8AB20B57D09014CBC9805679 /* Blink Experience Swift */,
				ABC5659E4400D0CC657B53E3 /* Nwc Experience Swift */,
				D90BDCC58B0B3EAC96B0EEB8 /* iosApp */,
				E2E000000000000000000002 /* iosAppE2E */,
				E073F01B7BAFD6FD252567F6 /* Products */,
				D8D81012304CE9AB007F68F3 /* Recovered References */,
			);
			sourceTree = "<group>";
		};
		D8D81012304CE9AB007F68F3 /* Recovered References */ = {
			isa = PBXGroup;
			children = (
				0D78D1E3C8DCAC0CF7558919 /* BlipUI.xcstrings */,
				AC25F142F2335CECAEAB2D19 /* BlipWalletSettings.xcstrings */,
				121F94BD3E44023657EF0431 /* BlipWalletConnection.xcstrings */,
				5390762BB6A88E0D26F7FE4C /* BlipPayment.xcstrings */,
				8BF1858AEA2F1117CB741F14 /* blink_dashboard_key_settings.png */,
				BC2886D02E50CCBBE7296BF7 /* blink_dashboard_email.png */,
				2452E53FCF66E3EE09362089 /* blink_dashboard_copy_key.png */,
				E44C5776A776765F3F772AE6 /* blink_dashboard_api_keys.png */,
				846C2B8D1C4AD650E9AB648D /* BlipOnboarding.xcstrings */,
			);
			name = "Recovered References";
			sourceTree = "<group>";
		};
		E073F01B7BAFD6FD252567F6 /* Products */ = {
			isa = PBXGroup;
			children = (
				3E2F28A87C1CC1A08DDA1A6F /* Rayl.app */,
				E2E000000000000000000001 /* Rayl E2E.app */,
			);
			name = Products;
			sourceTree = "<group>";
		};
/* End PBXGroup section */

/* Begin PBXNativeTarget section */
		E1875B14D964B50BA6C5EEC6 /* iosApp */ = {
			isa = PBXNativeTarget;
			buildConfigurationList = 8F61282F3BBD3D0976F0AAF0 /* Build configuration list for PBXNativeTarget "iosApp" */;
			buildPhases = (
				AE2CBEA0D78B72A7E098F395 /* Compile Kotlin Framework */,
				13DEFE5A6795EA046BCA3349 /* Sources */,
				C6283A14B200CDFBA78995C0 /* Frameworks */,
				6C9739E92F160C8FF069113D /* Resources */,
			);
			buildRules = (
			);
			dependencies = (
			);
			fileSystemSynchronizedGroups = (
				F77E00000000000000000001 /* Core UI Swift */,
				8AB20B57D09014CBC9805679 /* Blink Experience Swift */,
				ABC5659E4400D0CC657B53E3 /* Nwc Experience Swift */,
				D90BDCC58B0B3EAC96B0EEB8 /* iosApp */,
				F22E00000000000000000001 /* App Shell Swift */,
				F22E00000000000000000002 /* Settings Swift */,
				F22E00000000000000000003 /* Payment UI Swift */,
				F22E00000000000000000004 /* Payment Hub Swift */,
				F22E00000000000000000005 /* Onboarding Swift */,
				F22E00000000000000000006 /* Wallet Management Swift */,
			);
			name = iosApp;
			packageProductDependencies = (
			);
			productName = iosApp;
			productReference = 3E2F28A87C1CC1A08DDA1A6F /* Rayl.app */;
			productType = "com.apple.product-type.application";
		};
		E2E000000000000000000009 /* iosAppE2E */ = {
			isa = PBXNativeTarget;
			buildConfigurationList = E2E000000000000000000013 /* Build configuration list for PBXNativeTarget "iosAppE2E" */;
			buildPhases = (
				E2E000000000000000000007 /* Compile Kotlin Framework */,
				E2E000000000000000000004 /* Sources */,
				E2E000000000000000000005 /* Frameworks */,
				E2E000000000000000000006 /* Resources */,
			);
			buildRules = (
			);
			dependencies = (
			);
			fileSystemSynchronizedGroups = (
				F77E00000000000000000001 /* Core UI Swift */,
				8AB20B57D09014CBC9805679 /* Blink Experience Swift */,
				ABC5659E4400D0CC657B53E3 /* Nwc Experience Swift */,
				D90BDCC58B0B3EAC96B0EEB8 /* iosApp */,
				E2E000000000000000000002 /* iosAppE2E */,
				F22E00000000000000000001 /* App Shell Swift */,
				F22E00000000000000000002 /* Settings Swift */,
				F22E00000000000000000003 /* Payment UI Swift */,
				F22E00000000000000000004 /* Payment Hub Swift */,
				F22E00000000000000000005 /* Onboarding Swift */,
				F22E00000000000000000006 /* Wallet Management Swift */,
			);
			name = iosAppE2E;
			packageProductDependencies = (
			);
			productName = "Rayl E2E";
			productReference = E2E000000000000000000001 /* Rayl E2E.app */;
			productType = "com.apple.product-type.application";
		};
/* End PBXNativeTarget section */

/* Begin PBXProject section */
		87A6E727F6C51471B80575FE /* Project object */ = {
			isa = PBXProject;
			attributes = {
				BuildIndependentTargetsInParallel = 1;
				LastSwiftUpdateCheck = 1620;
				LastUpgradeCheck = 2600;
				TargetAttributes = {
					E1875B14D964B50BA6C5EEC6 = {
						CreatedOnToolsVersion = 16.2;
					};
					E2E000000000000000000009 = {
						CreatedOnToolsVersion = 16.2;
					};
				};
			};
			buildConfigurationList = 66BE71C670FAAF765D60C735 /* Build configuration list for PBXProject "iosApp" */;
			developmentRegion = en;
			hasScannedForEncodings = 0;
			knownRegions = (
				en,
				de,
				es,
				Base,
			);
			mainGroup = 97A229AE63675C10A9DAA454;
			minimizedProjectReferenceProxies = 1;
			preferredProjectObjectVersion = 77;
			productRefGroup = E073F01B7BAFD6FD252567F6 /* Products */;
			projectDirPath = "";
			projectRoot = "";
			targets = (
				E1875B14D964B50BA6C5EEC6 /* iosApp */,
				E2E000000000000000000009 /* iosAppE2E */,
			);
		};
/* End PBXProject section */

/* Begin PBXResourcesBuildPhase section */
		6C9739E92F160C8FF069113D /* Resources */ = {
			isa = PBXResourcesBuildPhase;
			buildActionMask = 2147483647;
			files = (
				D3CF307EE6BABC7238C09DC0 /* BlipUI.xcstrings in Resources */,
				EE253643352FE7EBDE6C0C65 /* BlipWalletSettings.xcstrings in Resources */,
				75688C8DE56E18D33C5CE8D2 /* BlipWalletConnection.xcstrings in Resources */,
				364B06883589390BF5141EF0 /* BlipPayment.xcstrings in Resources */,
				4343E1308DBD79AB01CAD1B6 /* blink_dashboard_key_settings.png in Resources */,
				97B715AA94F1C50E03BE6B2F /* blink_dashboard_email.png in Resources */,
				8D5C3B2A3E3846634502C4CA /* blink_dashboard_copy_key.png in Resources */,
				F66FC212555C239ADBBF0F03 /* blink_dashboard_api_keys.png in Resources */,
				8227313BC629C54B3BA575B4 /* BlipOnboarding.xcstrings in Resources */,
				D30000000000000000000001 /* CoreUI.xcstrings in Resources */,
				D30000000000000000000002 /* AppShell.xcstrings in Resources */,
				D30000000000000000000003 /* CurrencySettings.xcstrings in Resources */,
				D30000000000000000000004 /* LanguageSettings.xcstrings in Resources */,
				D30000000000000000000005 /* Onboarding.xcstrings in Resources */,
				D30000000000000000000006 /* PaymentHub.xcstrings in Resources */,
				D30000000000000000000007 /* PaymentSettings.xcstrings in Resources */,
				D30000000000000000000008 /* PaymentUI.xcstrings in Resources */,
				D30000000000000000000009 /* Settings.xcstrings in Resources */,
				D3000000000000000000000A /* WalletManagement.xcstrings in Resources */,
				D3000000000000000000000B /* LasrOnboarding.xcstrings in Resources */,
				D3000000000000000000000C /* LasrPayment.xcstrings in Resources */,
				D3000000000000000000000D /* LasrWalletConnection.xcstrings in Resources */,
				D3000000000000000000000E /* LasrWalletDetails.xcstrings in Resources */,
				D3000000000000000000000F /* RaylApp.xcstrings in Resources */,
				D8D428B72EEF0BAA007EDED8 /* PrivacyInfo.xcprivacy in Resources */,
			);
			runOnlyForDeploymentPostprocessing = 0;
		};
		E2E000000000000000000006 /* Resources */ = {
			isa = PBXResourcesBuildPhase;
			buildActionMask = 2147483647;
			files = (
				33DD96B4F486FAEA94E1F9F9 /* BlipUI.xcstrings in Resources */,
				59E91E194796F1BBA9A081CA /* BlipWalletSettings.xcstrings in Resources */,
				A1C2914A454483192B2DA915 /* BlipWalletConnection.xcstrings in Resources */,
				5B1C5B7B3775A165E5BFF883 /* BlipPayment.xcstrings in Resources */,
				BD1CD8020AA75DE8BD806D28 /* blink_dashboard_key_settings.png in Resources */,
				8B87575323C51126ACC2CE53 /* blink_dashboard_email.png in Resources */,
				E1DD348ED9D15B051664ABCC /* blink_dashboard_copy_key.png in Resources */,
				9319F0D3424F21CA12CFD693 /* blink_dashboard_api_keys.png in Resources */,
				70CFA88E4D65102D39A38552 /* BlipOnboarding.xcstrings in Resources */,
				E30000000000000000000001 /* CoreUI.xcstrings in Resources */,
				E30000000000000000000002 /* AppShell.xcstrings in Resources */,
				E30000000000000000000003 /* CurrencySettings.xcstrings in Resources */,
				E30000000000000000000004 /* LanguageSettings.xcstrings in Resources */,
				E30000000000000000000005 /* Onboarding.xcstrings in Resources */,
				E30000000000000000000006 /* PaymentHub.xcstrings in Resources */,
				E30000000000000000000007 /* PaymentSettings.xcstrings in Resources */,
				E30000000000000000000008 /* PaymentUI.xcstrings in Resources */,
				E30000000000000000000009 /* Settings.xcstrings in Resources */,
				E3000000000000000000000A /* WalletManagement.xcstrings in Resources */,
				E3000000000000000000000B /* LasrOnboarding.xcstrings in Resources */,
				E3000000000000000000000C /* LasrPayment.xcstrings in Resources */,
				E3000000000000000000000D /* LasrWalletConnection.xcstrings in Resources */,
				E3000000000000000000000E /* LasrWalletDetails.xcstrings in Resources */,
				E3000000000000000000000F /* RaylApp.xcstrings in Resources */,
				E2E000000000000000000008 /* PrivacyInfo.xcprivacy in Resources */,
			);
			runOnlyForDeploymentPostprocessing = 0;
		};
/* End PBXResourcesBuildPhase section */

/* Begin PBXShellScriptBuildPhase section */
		AE2CBEA0D78B72A7E098F395 /* Compile Kotlin Framework */ = {
			isa = PBXShellScriptBuildPhase;
			alwaysOutOfDate = 1;
			buildActionMask = 2147483647;
			files = (
			);
			inputFileListPaths = (
			);
			inputPaths = (
			);
			name = "Compile Kotlin Framework";
			outputFileListPaths = (
			);
			outputPaths = (
			);
			runOnlyForDeploymentPostprocessing = 0;
			shellPath = /bin/sh;
			shellScript = "if [ \"YES\" = \"$OVERRIDE_KOTLIN_BUILD_IDE_SUPPORTED\" ]; then\n  echo \"Skipping Gradle build task invocation due to OVERRIDE_KOTLIN_BUILD_IDE_SUPPORTED environment variable set to \\\"YES\\\"\"\n  exit 0\nfi\ncd \"$SRCROOT/../../..\"\n\n# ---- Java setup ----\n\nif [ \"${CI_XCODE_CLOUD:-}\" = \"TRUE\" ]; then\n  echo \"Xcode Cloud: using Homebrew OpenJDK 21\"\n  # This path is printed by brew's caveats for openjdk@21 on Cloud\n  export JAVA_HOME=\"/usr/local/opt/openjdk@21\"\n  export PATH=\"$JAVA_HOME/bin:$PATH\"\nelse\n  echo \"Local build: using mise Java from mise.toml (if available)\"\n  export PATH=\"$HOME/.local/bin:/opt/homebrew/bin:/usr/local/bin:$PATH\"\n  if command -v mise >/dev/null 2>&1; then\n    eval \"$(mise env -s bash)\"\n  elif [ -n \"${JAVA_HOME:-}\" ]; then\n    export PATH=\"$JAVA_HOME/bin:$PATH\"\n  else\n    echo \"mise not found; falling back to existing PATH\"\n  fi\nfi\n\necho \"JAVA_HOME=${JAVA_HOME:-<not set>}\"\njava -version || echo \"⚠️ java -version failed; Gradle will likely fail too\"\n \n./gradlew :rayl:shared:embedAndSignAppleFrameworkForXcode\n";
		};
		E2E000000000000000000007 /* Compile Kotlin Framework */ = {
			isa = PBXShellScriptBuildPhase;
			alwaysOutOfDate = 1;
			buildActionMask = 2147483647;
			files = (
			);
			inputFileListPaths = (
			);
			inputPaths = (
			);
			name = "Compile Kotlin Framework";
			outputFileListPaths = (
			);
			outputPaths = (
			);
			runOnlyForDeploymentPostprocessing = 0;
			shellPath = /bin/sh;
			shellScript = "if [ \"YES\" = \"$OVERRIDE_KOTLIN_BUILD_IDE_SUPPORTED\" ]; then\n  echo \"Skipping Gradle build task invocation due to OVERRIDE_KOTLIN_BUILD_IDE_SUPPORTED environment variable set to \\\"YES\\\"\"\n  exit 0\nfi\ncd \"$SRCROOT/../../..\"\n\n# ---- Java setup ----\n\nif [ \"${CI_XCODE_CLOUD:-}\" = \"TRUE\" ]; then\n  echo \"Xcode Cloud: using Homebrew OpenJDK 21\"\n  # This path is printed by brew's caveats for openjdk@21 on Cloud\n  export JAVA_HOME=\"/usr/local/opt/openjdk@21\"\n  export PATH=\"$JAVA_HOME/bin:$PATH\"\nelse\n  echo \"Local build: using mise Java from mise.toml (if available)\"\n  export PATH=\"$HOME/.local/bin:/opt/homebrew/bin:/usr/local/bin:$PATH\"\n  if command -v mise >/dev/null 2>&1; then\n    eval \"$(mise env -s bash)\"\n  elif [ -n \"${JAVA_HOME:-}\" ]; then\n    export PATH=\"$JAVA_HOME/bin:$PATH\"\n  else\n    echo \"mise not found; falling back to existing PATH\"\n  fi\nfi\n\necho \"JAVA_HOME=${JAVA_HOME:-<not set>}\"\njava -version || echo \"⚠️ java -version failed; Gradle will likely fail too\"\n \n./gradlew :rayl:shared:embedAndSignAppleFrameworkForXcode\n";
		};
/* End PBXShellScriptBuildPhase section */

/* Begin PBXSourcesBuildPhase section */
		13DEFE5A6795EA046BCA3349 /* Sources */ = {
			isa = PBXSourcesBuildPhase;
			buildActionMask = 2147483647;
			files = (
			);
			runOnlyForDeploymentPostprocessing = 0;
		};
		E2E000000000000000000004 /* Sources */ = {
			isa = PBXSourcesBuildPhase;
			buildActionMask = 2147483647;
			files = (
			);
			runOnlyForDeploymentPostprocessing = 0;
		};
/* End PBXSourcesBuildPhase section */

/* Begin XCBuildConfiguration section */
		314324B1636179C50C6CDF1B /* Debug */ = {
			isa = XCBuildConfiguration;
			buildSettings = {
				ASSETCATALOG_COMPILER_APPICON_NAME = AppIcon;
				ASSETCATALOG_COMPILER_GLOBAL_ACCENT_COLOR_NAME = AccentColor;
				ASSETCATALOG_COMPILER_INCLUDE_ALL_APPICON_ASSETS = NO;
				CODE_SIGN_IDENTITY = "Apple Development";
				CODE_SIGN_STYLE = Automatic;
				DEVELOPMENT_ASSET_PATHS = "\"iosApp/Preview Content\"";
				DEVELOPMENT_TEAM = N94Z39Q5S8;
				ENABLE_PREVIEWS = YES;
				GENERATE_INFOPLIST_FILE = YES;
				INFOPLIST_FILE = iosApp/Info.plist;
				INFOPLIST_KEY_CFBundleDisplayName = "Rayl Dev";
				INFOPLIST_KEY_LSApplicationCategoryType = "public.app-category.finance";
				INFOPLIST_KEY_UIApplicationSceneManifest_Generation = YES;
				INFOPLIST_KEY_UIApplicationSupportsIndirectInputEvents = YES;
				INFOPLIST_KEY_UILaunchScreen_Generation = YES;
				INFOPLIST_KEY_UIRequiresFullScreen = YES;
				INFOPLIST_KEY_UISupportedInterfaceOrientations = UIInterfaceOrientationPortrait;
				INFOPLIST_KEY_UISupportedInterfaceOrientations_iPad = UIInterfaceOrientationPortrait;
				INFOPLIST_KEY_UISupportedInterfaceOrientations_iPhone = UIInterfaceOrientationPortrait;
				LD_RUNPATH_SEARCH_PATHS = (
					"$(inherited)",
					"@executable_path/Frameworks",
				);
				PRODUCT_BUNDLE_IDENTIFIER = com.nicolasusca.rayl;
				SUPPORTED_PLATFORMS = "iphoneos iphonesimulator";
				SUPPORTS_MACCATALYST = NO;
				SUPPORTS_MAC_DESIGNED_FOR_IPHONE_IPAD = NO;
				SUPPORTS_XR_DESIGNED_FOR_IPHONE_IPAD = NO;
				SWIFT_EMIT_LOC_STRINGS = YES;
				SWIFT_VERSION = 5.0;
				TARGETED_DEVICE_FAMILY = 1;
			};
			name = Debug;
		};
		4E4A2D9B1F6C40A8B5D93E71 /* DebugFast */ = {
			isa = XCBuildConfiguration;
			buildSettings = {
				ASSETCATALOG_COMPILER_APPICON_NAME = AppIcon;
				ASSETCATALOG_COMPILER_GLOBAL_ACCENT_COLOR_NAME = AccentColor;
				ASSETCATALOG_COMPILER_INCLUDE_ALL_APPICON_ASSETS = NO;
				CODE_SIGN_IDENTITY = "Apple Development";
				CODE_SIGN_STYLE = Automatic;
				DEVELOPMENT_ASSET_PATHS = "\"iosApp/Preview Content\"";
				ENABLE_PREVIEWS = YES;
				GENERATE_INFOPLIST_FILE = YES;
				INFOPLIST_FILE = iosApp/Info.plist;
				INFOPLIST_KEY_CFBundleDisplayName = "Rayl Dev";
				INFOPLIST_KEY_LSApplicationCategoryType = "public.app-category.finance";
				INFOPLIST_KEY_UIApplicationSceneManifest_Generation = YES;
				INFOPLIST_KEY_UIApplicationSupportsIndirectInputEvents = YES;
				INFOPLIST_KEY_UILaunchScreen_Generation = YES;
				INFOPLIST_KEY_UIRequiresFullScreen = YES;
				INFOPLIST_KEY_UISupportedInterfaceOrientations = UIInterfaceOrientationPortrait;
				INFOPLIST_KEY_UISupportedInterfaceOrientations_iPad = UIInterfaceOrientationPortrait;
				INFOPLIST_KEY_UISupportedInterfaceOrientations_iPhone = UIInterfaceOrientationPortrait;
				KOTLIN_FRAMEWORK_BUILD_TYPE = Release;
				LD_RUNPATH_SEARCH_PATHS = (
					"$(inherited)",
					"@executable_path/Frameworks",
				);
				PRODUCT_BUNDLE_IDENTIFIER = com.nicolasusca.rayl;
				SUPPORTED_PLATFORMS = "iphoneos iphonesimulator";
				SUPPORTS_MACCATALYST = NO;
				SUPPORTS_MAC_DESIGNED_FOR_IPHONE_IPAD = NO;
				SUPPORTS_XR_DESIGNED_FOR_IPHONE_IPAD = NO;
				SWIFT_EMIT_LOC_STRINGS = YES;
				SWIFT_VERSION = 5.0;
				TARGETED_DEVICE_FAMILY = 1;
			};
			name = DebugFast;
		};
		858F0BBA48BFB867FD551749 /* Release */ = {
			isa = XCBuildConfiguration;
			baseConfigurationReferenceAnchor = 6672ACEE09FDB18D319237F0 /* Configuration */;
			baseConfigurationReferenceRelativePath = Config.xcconfig;
			buildSettings = {
				ALWAYS_SEARCH_USER_PATHS = NO;
				ASSETCATALOG_COMPILER_GENERATE_SWIFT_ASSET_SYMBOL_EXTENSIONS = YES;
				CLANG_ANALYZER_NONNULL = YES;
				CLANG_ANALYZER_NUMBER_OBJECT_CONVERSION = YES_AGGRESSIVE;
				CLANG_CXX_LANGUAGE_STANDARD = "gnu++20";
				CLANG_ENABLE_MODULES = YES;
				CLANG_ENABLE_OBJC_ARC = YES;
				CLANG_ENABLE_OBJC_WEAK = YES;
				CLANG_WARN_BLOCK_CAPTURE_AUTORELEASING = YES;
				CLANG_WARN_BOOL_CONVERSION = YES;
				CLANG_WARN_COMMA = YES;
				CLANG_WARN_CONSTANT_CONVERSION = YES;
				CLANG_WARN_DEPRECATED_OBJC_IMPLEMENTATIONS = YES;
				CLANG_WARN_DIRECT_OBJC_ISA_USAGE = YES_ERROR;
				CLANG_WARN_DOCUMENTATION_COMMENTS = YES;
				CLANG_WARN_EMPTY_BODY = YES;
				CLANG_WARN_ENUM_CONVERSION = YES;
				CLANG_WARN_INFINITE_RECURSION = YES;
				CLANG_WARN_INT_CONVERSION = YES;
				CLANG_WARN_NON_LITERAL_NULL_CONVERSION = YES;
				CLANG_WARN_OBJC_IMPLICIT_RETAIN_SELF = YES;
				CLANG_WARN_OBJC_LITERAL_CONVERSION = YES;
				CLANG_WARN_OBJC_ROOT_CLASS = YES_ERROR;
				CLANG_WARN_QUOTED_INCLUDE_IN_FRAMEWORK_HEADER = YES;
				CLANG_WARN_RANGE_LOOP_ANALYSIS = YES;
				CLANG_WARN_STRICT_PROTOTYPES = YES;
				CLANG_WARN_SUSPICIOUS_MOVE = YES;
				CLANG_WARN_UNGUARDED_AVAILABILITY = YES_AGGRESSIVE;
				CLANG_WARN_UNREACHABLE_CODE = YES;
				CLANG_WARN__DUPLICATE_METHOD_MATCH = YES;
				COPY_PHASE_STRIP = NO;
				DEBUG_INFORMATION_FORMAT = "dwarf-with-dsym";
				DEVELOPMENT_TEAM = N94Z39Q5S8;
				ENABLE_NS_ASSERTIONS = NO;
				ENABLE_STRICT_OBJC_MSGSEND = YES;
				ENABLE_USER_SCRIPT_SANDBOXING = NO;
				GCC_C_LANGUAGE_STANDARD = gnu17;
				GCC_NO_COMMON_BLOCKS = YES;
				GCC_WARN_64_TO_32_BIT_CONVERSION = YES;
				GCC_WARN_ABOUT_RETURN_TYPE = YES_ERROR;
				GCC_WARN_UNDECLARED_SELECTOR = YES;
				GCC_WARN_UNINITIALIZED_AUTOS = YES_AGGRESSIVE;
				GCC_WARN_UNUSED_FUNCTION = YES;
				GCC_WARN_UNUSED_VARIABLE = YES;
				IPHONEOS_DEPLOYMENT_TARGET = 18.5;
				LOCALIZATION_PREFERS_STRING_CATALOGS = YES;
				MTL_ENABLE_DEBUG_INFO = NO;
				MTL_FAST_MATH = YES;
				SDKROOT = iphoneos;
				STRING_CATALOG_GENERATE_SYMBOLS = YES;
				SWIFT_COMPILATION_MODE = wholemodule;
				VALIDATE_PRODUCT = YES;
			};
			name = Release;
		};
		86FB68B2556C005F92B33358 /* Debug */ = {
			isa = XCBuildConfiguration;
			baseConfigurationReferenceAnchor = 6672ACEE09FDB18D319237F0 /* Configuration */;
			baseConfigurationReferenceRelativePath = Config.xcconfig;
			buildSettings = {
				ALWAYS_SEARCH_USER_PATHS = NO;
				ASSETCATALOG_COMPILER_GENERATE_SWIFT_ASSET_SYMBOL_EXTENSIONS = YES;
				CLANG_ANALYZER_NONNULL = YES;
				CLANG_ANALYZER_NUMBER_OBJECT_CONVERSION = YES_AGGRESSIVE;
				CLANG_CXX_LANGUAGE_STANDARD = "gnu++20";
				CLANG_ENABLE_MODULES = YES;
				CLANG_ENABLE_OBJC_ARC = YES;
				CLANG_ENABLE_OBJC_WEAK = YES;
				CLANG_WARN_BLOCK_CAPTURE_AUTORELEASING = YES;
				CLANG_WARN_BOOL_CONVERSION = YES;
				CLANG_WARN_COMMA = YES;
				CLANG_WARN_CONSTANT_CONVERSION = YES;
				CLANG_WARN_DEPRECATED_OBJC_IMPLEMENTATIONS = YES;
				CLANG_WARN_DIRECT_OBJC_ISA_USAGE = YES_ERROR;
				CLANG_WARN_DOCUMENTATION_COMMENTS = YES;
				CLANG_WARN_EMPTY_BODY = YES;
				CLANG_WARN_ENUM_CONVERSION = YES;
				CLANG_WARN_INFINITE_RECURSION = YES;
				CLANG_WARN_INT_CONVERSION = YES;
				CLANG_WARN_NON_LITERAL_NULL_CONVERSION = YES;
				CLANG_WARN_OBJC_IMPLICIT_RETAIN_SELF = YES;
				CLANG_WARN_OBJC_LITERAL_CONVERSION = YES;
				CLANG_WARN_OBJC_ROOT_CLASS = YES_ERROR;
				CLANG_WARN_QUOTED_INCLUDE_IN_FRAMEWORK_HEADER = YES;
				CLANG_WARN_RANGE_LOOP_ANALYSIS = YES;
				CLANG_WARN_STRICT_PROTOTYPES = YES;
				CLANG_WARN_SUSPICIOUS_MOVE = YES;
				CLANG_WARN_UNGUARDED_AVAILABILITY = YES_AGGRESSIVE;
				CLANG_WARN_UNREACHABLE_CODE = YES;
				CLANG_WARN__DUPLICATE_METHOD_MATCH = YES;
				COPY_PHASE_STRIP = NO;
				DEBUG_INFORMATION_FORMAT = dwarf;
				DEVELOPMENT_TEAM = N94Z39Q5S8;
				ENABLE_STRICT_OBJC_MSGSEND = YES;
				ENABLE_TESTABILITY = YES;
				ENABLE_USER_SCRIPT_SANDBOXING = NO;
				GCC_C_LANGUAGE_STANDARD = gnu17;
				GCC_DYNAMIC_NO_PIC = NO;
				GCC_NO_COMMON_BLOCKS = YES;
				GCC_OPTIMIZATION_LEVEL = 0;
				GCC_PREPROCESSOR_DEFINITIONS = (
					"DEBUG=1",
					"$(inherited)",
				);
				GCC_WARN_64_TO_32_BIT_CONVERSION = YES;
				GCC_WARN_ABOUT_RETURN_TYPE = YES_ERROR;
				GCC_WARN_UNDECLARED_SELECTOR = YES;
				GCC_WARN_UNINITIALIZED_AUTOS = YES_AGGRESSIVE;
				GCC_WARN_UNUSED_FUNCTION = YES;
				GCC_WARN_UNUSED_VARIABLE = YES;
				IPHONEOS_DEPLOYMENT_TARGET = 18.5;
				LOCALIZATION_PREFERS_STRING_CATALOGS = YES;
				MTL_ENABLE_DEBUG_INFO = INCLUDE_SOURCE;
				MTL_FAST_MATH = YES;
				ONLY_ACTIVE_ARCH = YES;
				SDKROOT = iphoneos;
				STRING_CATALOG_GENERATE_SYMBOLS = YES;
				SWIFT_ACTIVE_COMPILATION_CONDITIONS = "DEBUG $(inherited)";
				SWIFT_OPTIMIZATION_LEVEL = "-Onone";
			};
			name = Debug;
		};
		8BDFADF9A3127A0F881D492E /* Release */ = {
			isa = XCBuildConfiguration;
			buildSettings = {
				ASSETCATALOG_COMPILER_APPICON_NAME = AppIcon;
				ASSETCATALOG_COMPILER_GLOBAL_ACCENT_COLOR_NAME = AccentColor;
				ASSETCATALOG_COMPILER_INCLUDE_ALL_APPICON_ASSETS = NO;
				CODE_SIGN_IDENTITY = "Apple Development";
				CODE_SIGN_STYLE = Automatic;
				DEVELOPMENT_ASSET_PATHS = "\"iosApp/Preview Content\"";
				DEVELOPMENT_TEAM = TA77463BFV;
				ENABLE_PREVIEWS = YES;
				GENERATE_INFOPLIST_FILE = YES;
				INFOPLIST_FILE = iosApp/Info.plist;
				INFOPLIST_KEY_CFBundleDisplayName = Rayl;
				INFOPLIST_KEY_LSApplicationCategoryType = "public.app-category.finance";
				INFOPLIST_KEY_UIApplicationSceneManifest_Generation = YES;
				INFOPLIST_KEY_UIApplicationSupportsIndirectInputEvents = YES;
				INFOPLIST_KEY_UILaunchScreen_Generation = YES;
				INFOPLIST_KEY_UIRequiresFullScreen = YES;
				INFOPLIST_KEY_UISupportedInterfaceOrientations = UIInterfaceOrientationPortrait;
				INFOPLIST_KEY_UISupportedInterfaceOrientations_iPad = UIInterfaceOrientationPortrait;
				INFOPLIST_KEY_UISupportedInterfaceOrientations_iPhone = UIInterfaceOrientationPortrait;
				LD_RUNPATH_SEARCH_PATHS = (
					"$(inherited)",
					"@executable_path/Frameworks",
				);
				SUPPORTED_PLATFORMS = "iphoneos iphonesimulator";
				SUPPORTS_MACCATALYST = NO;
				SUPPORTS_MAC_DESIGNED_FOR_IPHONE_IPAD = NO;
				SUPPORTS_XR_DESIGNED_FOR_IPHONE_IPAD = NO;
				SWIFT_EMIT_LOC_STRINGS = YES;
				SWIFT_VERSION = 5.0;
				TARGETED_DEVICE_FAMILY = 1;
			};
			name = Release;
		};
		E2E000000000000000000010 /* Debug */ = {
			isa = XCBuildConfiguration;
			buildSettings = {
				ASSETCATALOG_COMPILER_APPICON_NAME = AppIcon;
				ASSETCATALOG_COMPILER_GLOBAL_ACCENT_COLOR_NAME = AccentColor;
				ASSETCATALOG_COMPILER_INCLUDE_ALL_APPICON_ASSETS = NO;
				CODE_SIGN_IDENTITY = "Apple Development";
				CODE_SIGN_STYLE = Automatic;
				DEVELOPMENT_ASSET_PATHS = "\"iosApp/Preview Content\"";
				ENABLE_PREVIEWS = YES;
				GENERATE_INFOPLIST_FILE = YES;
				INFOPLIST_FILE = iosApp/Info.plist;
				INFOPLIST_KEY_CFBundleDisplayName = "Rayl E2E";
				INFOPLIST_KEY_LSApplicationCategoryType = "public.app-category.finance";
				INFOPLIST_KEY_UIApplicationSceneManifest_Generation = YES;
				INFOPLIST_KEY_UIApplicationSupportsIndirectInputEvents = YES;
				INFOPLIST_KEY_UILaunchScreen_Generation = YES;
				INFOPLIST_KEY_UIRequiresFullScreen = YES;
				INFOPLIST_KEY_UISupportedInterfaceOrientations = UIInterfaceOrientationPortrait;
				INFOPLIST_KEY_UISupportedInterfaceOrientations_iPad = UIInterfaceOrientationPortrait;
				INFOPLIST_KEY_UISupportedInterfaceOrientations_iPhone = UIInterfaceOrientationPortrait;
				LD_RUNPATH_SEARCH_PATHS = (
					"$(inherited)",
					"@executable_path/Frameworks",
				);
				PRODUCT_BUNDLE_IDENTIFIER = com.nicolasusca.rayl.e2e;
				PRODUCT_MODULE_NAME = RaylE2E;
				PRODUCT_NAME = "Rayl E2E";
				SUPPORTED_PLATFORMS = "iphoneos iphonesimulator";
				SUPPORTS_MACCATALYST = NO;
				SUPPORTS_MAC_DESIGNED_FOR_IPHONE_IPAD = NO;
				SUPPORTS_XR_DESIGNED_FOR_IPHONE_IPAD = NO;
				SWIFT_EMIT_LOC_STRINGS = YES;
				SWIFT_VERSION = 5.0;
				TARGETED_DEVICE_FAMILY = 1;
			};
			name = Debug;
		};
		E2E000000000000000000011 /* DebugFast */ = {
			isa = XCBuildConfiguration;
			buildSettings = {
				ASSETCATALOG_COMPILER_APPICON_NAME = AppIcon;
				ASSETCATALOG_COMPILER_GLOBAL_ACCENT_COLOR_NAME = AccentColor;
				ASSETCATALOG_COMPILER_INCLUDE_ALL_APPICON_ASSETS = NO;
				CODE_SIGN_IDENTITY = "Apple Development";
				CODE_SIGN_STYLE = Automatic;
				DEVELOPMENT_ASSET_PATHS = "\"iosApp/Preview Content\"";
				ENABLE_PREVIEWS = YES;
				GENERATE_INFOPLIST_FILE = YES;
				INFOPLIST_FILE = iosApp/Info.plist;
				INFOPLIST_KEY_CFBundleDisplayName = "Rayl E2E";
				INFOPLIST_KEY_LSApplicationCategoryType = "public.app-category.finance";
				INFOPLIST_KEY_UIApplicationSceneManifest_Generation = YES;
				INFOPLIST_KEY_UIApplicationSupportsIndirectInputEvents = YES;
				INFOPLIST_KEY_UILaunchScreen_Generation = YES;
				INFOPLIST_KEY_UIRequiresFullScreen = YES;
				INFOPLIST_KEY_UISupportedInterfaceOrientations = UIInterfaceOrientationPortrait;
				INFOPLIST_KEY_UISupportedInterfaceOrientations_iPad = UIInterfaceOrientationPortrait;
				INFOPLIST_KEY_UISupportedInterfaceOrientations_iPhone = UIInterfaceOrientationPortrait;
				KOTLIN_FRAMEWORK_BUILD_TYPE = Release;
				LD_RUNPATH_SEARCH_PATHS = (
					"$(inherited)",
					"@executable_path/Frameworks",
				);
				PRODUCT_BUNDLE_IDENTIFIER = com.nicolasusca.rayl.e2e;
				PRODUCT_MODULE_NAME = RaylE2E;
				PRODUCT_NAME = "Rayl E2E";
				SUPPORTED_PLATFORMS = "iphoneos iphonesimulator";
				SUPPORTS_MACCATALYST = NO;
				SUPPORTS_MAC_DESIGNED_FOR_IPHONE_IPAD = NO;
				SUPPORTS_XR_DESIGNED_FOR_IPHONE_IPAD = NO;
				SWIFT_EMIT_LOC_STRINGS = YES;
				SWIFT_VERSION = 5.0;
				TARGETED_DEVICE_FAMILY = 1;
			};
			name = DebugFast;
		};
		E2E000000000000000000012 /* Release */ = {
			isa = XCBuildConfiguration;
			buildSettings = {
				ASSETCATALOG_COMPILER_APPICON_NAME = AppIcon;
				ASSETCATALOG_COMPILER_GLOBAL_ACCENT_COLOR_NAME = AccentColor;
				ASSETCATALOG_COMPILER_INCLUDE_ALL_APPICON_ASSETS = NO;
				CODE_SIGN_IDENTITY = "Apple Development";
				CODE_SIGN_STYLE = Automatic;
				DEVELOPMENT_ASSET_PATHS = "\"iosApp/Preview Content\"";
				ENABLE_PREVIEWS = YES;
				GENERATE_INFOPLIST_FILE = YES;
				INFOPLIST_FILE = iosApp/Info.plist;
				INFOPLIST_KEY_CFBundleDisplayName = "Rayl E2E";
				INFOPLIST_KEY_LSApplicationCategoryType = "public.app-category.finance";
				INFOPLIST_KEY_UIApplicationSceneManifest_Generation = YES;
				INFOPLIST_KEY_UIApplicationSupportsIndirectInputEvents = YES;
				INFOPLIST_KEY_UILaunchScreen_Generation = YES;
				INFOPLIST_KEY_UIRequiresFullScreen = YES;
				INFOPLIST_KEY_UISupportedInterfaceOrientations = UIInterfaceOrientationPortrait;
				INFOPLIST_KEY_UISupportedInterfaceOrientations_iPad = UIInterfaceOrientationPortrait;
				INFOPLIST_KEY_UISupportedInterfaceOrientations_iPhone = UIInterfaceOrientationPortrait;
				LD_RUNPATH_SEARCH_PATHS = (
					"$(inherited)",
					"@executable_path/Frameworks",
				);
				PRODUCT_BUNDLE_IDENTIFIER = com.nicolasusca.rayl.e2e;
				PRODUCT_MODULE_NAME = RaylE2E;
				PRODUCT_NAME = "Rayl E2E";
				SUPPORTED_PLATFORMS = "iphoneos iphonesimulator";
				SUPPORTS_MACCATALYST = NO;
				SUPPORTS_MAC_DESIGNED_FOR_IPHONE_IPAD = NO;
				SUPPORTS_XR_DESIGNED_FOR_IPHONE_IPAD = NO;
				SWIFT_EMIT_LOC_STRINGS = YES;
				SWIFT_VERSION = 5.0;
				TARGETED_DEVICE_FAMILY = 1;
			};
			name = Release;
		};
		E59D7349BC1A4E62A0F38D17 /* DebugFast */ = {
			isa = XCBuildConfiguration;
			baseConfigurationReferenceAnchor = 6672ACEE09FDB18D319237F0 /* Configuration */;
			baseConfigurationReferenceRelativePath = Config.xcconfig;
			buildSettings = {
				ALWAYS_SEARCH_USER_PATHS = NO;
				ASSETCATALOG_COMPILER_GENERATE_SWIFT_ASSET_SYMBOL_EXTENSIONS = YES;
				CLANG_ANALYZER_NONNULL = YES;
				CLANG_ANALYZER_NUMBER_OBJECT_CONVERSION = YES_AGGRESSIVE;
				CLANG_CXX_LANGUAGE_STANDARD = "gnu++20";
				CLANG_ENABLE_MODULES = YES;
				CLANG_ENABLE_OBJC_ARC = YES;
				CLANG_ENABLE_OBJC_WEAK = YES;
				CLANG_WARN_BLOCK_CAPTURE_AUTORELEASING = YES;
				CLANG_WARN_BOOL_CONVERSION = YES;
				CLANG_WARN_COMMA = YES;
				CLANG_WARN_CONSTANT_CONVERSION = YES;
				CLANG_WARN_DEPRECATED_OBJC_IMPLEMENTATIONS = YES;
				CLANG_WARN_DIRECT_OBJC_ISA_USAGE = YES_ERROR;
				CLANG_WARN_DOCUMENTATION_COMMENTS = YES;
				CLANG_WARN_EMPTY_BODY = YES;
				CLANG_WARN_ENUM_CONVERSION = YES;
				CLANG_WARN_INFINITE_RECURSION = YES;
				CLANG_WARN_INT_CONVERSION = YES;
				CLANG_WARN_NON_LITERAL_NULL_CONVERSION = YES;
				CLANG_WARN_OBJC_IMPLICIT_RETAIN_SELF = YES;
				CLANG_WARN_OBJC_LITERAL_CONVERSION = YES;
				CLANG_WARN_OBJC_ROOT_CLASS = YES_ERROR;
				CLANG_WARN_QUOTED_INCLUDE_IN_FRAMEWORK_HEADER = YES;
				CLANG_WARN_RANGE_LOOP_ANALYSIS = YES;
				CLANG_WARN_STRICT_PROTOTYPES = YES;
				CLANG_WARN_SUSPICIOUS_MOVE = YES;
				CLANG_WARN_UNGUARDED_AVAILABILITY = YES_AGGRESSIVE;
				CLANG_WARN_UNREACHABLE_CODE = YES;
				CLANG_WARN__DUPLICATE_METHOD_MATCH = YES;
				COPY_PHASE_STRIP = NO;
				DEBUG_INFORMATION_FORMAT = dwarf;
				DEVELOPMENT_TEAM = N94Z39Q5S8;
				ENABLE_STRICT_OBJC_MSGSEND = YES;
				ENABLE_TESTABILITY = YES;
				ENABLE_USER_SCRIPT_SANDBOXING = NO;
				GCC_C_LANGUAGE_STANDARD = gnu17;
				GCC_DYNAMIC_NO_PIC = NO;
				GCC_NO_COMMON_BLOCKS = YES;
				GCC_OPTIMIZATION_LEVEL = 1;
				GCC_PREPROCESSOR_DEFINITIONS = (
					"DEBUG=1",
					"$(inherited)",
				);
				GCC_WARN_64_TO_32_BIT_CONVERSION = YES;
				GCC_WARN_ABOUT_RETURN_TYPE = YES_ERROR;
				GCC_WARN_UNDECLARED_SELECTOR = YES;
				GCC_WARN_UNINITIALIZED_AUTOS = YES_AGGRESSIVE;
				GCC_WARN_UNUSED_FUNCTION = YES;
				GCC_WARN_UNUSED_VARIABLE = YES;
				IPHONEOS_DEPLOYMENT_TARGET = 18.5;
				LOCALIZATION_PREFERS_STRING_CATALOGS = YES;
				MTL_ENABLE_DEBUG_INFO = NO;
				MTL_FAST_MATH = YES;
				ONLY_ACTIVE_ARCH = YES;
				SDKROOT = iphoneos;
				STRING_CATALOG_GENERATE_SYMBOLS = YES;
				SWIFT_ACTIVE_COMPILATION_CONDITIONS = "DEBUG $(inherited)";
				SWIFT_OPTIMIZATION_LEVEL = "-O";
			};
			name = DebugFast;
		};
/* End XCBuildConfiguration section */

/* Begin XCConfigurationList section */
		66BE71C670FAAF765D60C735 /* Build configuration list for PBXProject "iosApp" */ = {
			isa = XCConfigurationList;
			buildConfigurations = (
				86FB68B2556C005F92B33358 /* Debug */,
				E59D7349BC1A4E62A0F38D17 /* DebugFast */,
				858F0BBA48BFB867FD551749 /* Release */,
			);
			defaultConfigurationIsVisible = 0;
			defaultConfigurationName = Release;
		};
		8F61282F3BBD3D0976F0AAF0 /* Build configuration list for PBXNativeTarget "iosApp" */ = {
			isa = XCConfigurationList;
			buildConfigurations = (
				314324B1636179C50C6CDF1B /* Debug */,
				4E4A2D9B1F6C40A8B5D93E71 /* DebugFast */,
				8BDFADF9A3127A0F881D492E /* Release */,
			);
			defaultConfigurationIsVisible = 0;
			defaultConfigurationName = Release;
		};
		E2E000000000000000000013 /* Build configuration list for PBXNativeTarget "iosAppE2E" */ = {
			isa = XCConfigurationList;
			buildConfigurations = (
				E2E000000000000000000010 /* Debug */,
				E2E000000000000000000011 /* DebugFast */,
				E2E000000000000000000012 /* Release */,
			);
			defaultConfigurationIsVisible = 0;
			defaultConfigurationName = Debug;
		};
/* End XCConfigurationList section */
	};
	rootObject = 87A6E727F6C51471B80575FE /* Project object */;
}
